
Microsoft Visual Studio Solution File, Format Version 12.00
# Visual Studio Version 17
VisualStudioVersion = 17.3.32825.248
MinimumVisualStudioVersion = 10.0.40219.1
Project("{FAE04EC0-301F-11D3-BF4B-00C04F79EFBC}") = "Hashtables", "HashTtables\Hashtables.csproj", "{FF4A8269-E1F5-4E23-B541-43F59002BEAE}"
EndProject
Global
	GlobalSection(SolutionConfigurationPlatforms) = preSolution
		Debug|Any CPU = Debug|Any CPU
		Release|Any CPU = Release|Any CPU
	EndGlobalSection
	GlobalSection(ProjectConfigurationPlatforms) = postSolution
		{FF4A8269-E1F5-4E23-B541-43F59002BEAE}.Debug|Any CPU.ActiveCfg = Debug|Any CPU
		{FF4A8269-E1F5-4E23-B541-43F59002BEAE}.Debug|Any CPU.Build.0 = Debug|Any CPU
		{FF4A8269-E1F5-4E23-B541-43F59002BEAE}.Release|Any CPU.ActiveCfg = Release|Any CPU
		{FF4A8269-E1F5-4E23-B541-43F59002BEAE}.Release|Any CPU.Build.0 = Release|Any CPU
	EndGlobalSection
	GlobalSection(SolutionProperties) = preSolution
		HideSolutionNode = FALSE
	EndGlobalSection
	GlobalSection(ExtensibilityGlobals) = postSolution
		SolutionGuid = {26FF414F-2542-4FE1-8B66-9656A4228246}
	EndGlobalSection
EndGlobal
